
Microsoft Visual Studio Solution File, Format Version 12.00
# Visual Studio Version 17
VisualStudioVersion = 17.9.34607.119
MinimumVisualStudioVersion = 10.0.40219.1
Project("{888888A0-9F3D-457C-B088-3A5042F75D52}") = "HelloPython", "HelloPython\HelloPython.pyproj", "{93A73658-56D9-4368-A707-623AD3035D1F}"
EndProject
Project("{888888A0-9F3D-457C-B088-3A5042F75D52}") = "HelloName", "HelloName\HelloName.pyproj", "{D8FDA572-F2D0-4285-8D25-A224649665C7}"
EndProject
Project("{888888A0-9F3D-457C-B088-3A5042F75D52}") = "CircleRadius", "CircleRadius\CircleRadius.pyproj", "{F33E4812-B32B-43F2-8C33-72B3E766F94C}"
EndProject
Project("{888888A0-9F3D-457C-B088-3A5042F75D52}") = "CelsiusToFahrenheit", "CelsiusToFahrenheit\CelsiusToFahrenheit.pyproj", "{AB31A939-A903-47C2-B08D-C448A4AFEE9D}"
EndProject
Project("{888888A0-9F3D-457C-B088-3A5042F75D52}") = "AreaOfTriangle", "AreaOfTriangle\AreaOfTriangle.pyproj", "{F97EAF77-2F7F-43C8-BB23-62D37011E161}"
EndProject
Project("{888888A0-9F3D-457C-B088-3A5042F75D52}") = "AreaOfTrapezius", "AreaOfTrapezius\AreaOfTrapezius.pyproj", "{1BD85EC8-A3BC-4EE3-A0A9-5F91897B3828}"
EndProject
Project("{888888A0-9F3D-457C-B088-3A5042F75D52}") = "InchToCentimeters", "InchToCentimeters\InchToCentimeters.pyproj", "{143202F3-C663-4265-B521-C5683994C7F6}"
EndProject
Project("{888888A0-9F3D-457C-B088-3A5042F75D52}") = "USDollarsToBGLev", "USDollarsToBGLev\USDollarsToBGLev.pyproj", "{8CC259E0-CA49-4D63-A4EE-16749AD95EA0}"
EndProject
Project("{888888A0-9F3D-457C-B088-3A5042F75D52}") = "VeggiesAndFruitShop", "VeggiesAndFruitShop\VeggiesAndFruitShop.pyproj", "{DEDD598B-831E-40AF-B5FA-4B02F4BB7BFC}"
EndProject
Project("{2150E333-8FDC-42A3-9474-1A3956D46DE8}") = "Day_01", "Day_01", "{82AA2845-4AF9-466F-B736-DFB510DCDC1A}"
EndProject
Project("{2150E333-8FDC-42A3-9474-1A3956D46DE8}") = "Day_02", "Day_02", "{6184BEC0-C83E-4832-8C83-149AC8EB8C55}"
EndProject
Project("{888888A0-9F3D-457C-B088-3A5042F75D52}") = "GradesApp", "GradesApp\GradesApp.pyproj", "{FCB77233-8717-4B99-83A6-E8F5F630703B}"
EndProject
Project("{888888A0-9F3D-457C-B088-3A5042F75D52}") = "OddOrEven", "OddOrEven\OddOrEven.pyproj", "{9DEAD8DF-CF8D-46F6-95B0-ED256B6DFFAC}"
EndProject
Project("{888888A0-9F3D-457C-B088-3A5042F75D52}") = "PasswordInput", "PasswordInput\PasswordInput.pyproj", "{952A93B9-0AC0-4632-93F1-34402D82BACD}"
EndProject
Project("{888888A0-9F3D-457C-B088-3A5042F75D52}") = "WordChecker", "WordChecker\WordChecker.pyproj", "{EC4EF7F7-B035-4D17-B4A9-D82C705B1179}"
EndProject
Project("{888888A0-9F3D-457C-B088-3A5042F75D52}") = "GradesCalculate", "GradesCalculate\GradesCalculate.pyproj", "{A7E950A4-5F3B-421C-A6A1-76F7C6D25579}"
EndProject
Project("{888888A0-9F3D-457C-B088-3A5042F75D52}") = "LargerSmaller", "LargerSmaller\LargerSmaller.pyproj", "{0BC10509-A837-4315-AAA6-8D9689CACF46}"
EndProject
Project("{888888A0-9F3D-457C-B088-3A5042F75D52}") = "WeatherType", "WeatherType\WeatherType.pyproj", "{F5578A6F-3F59-4767-91CF-C2070AD2B0CA}"
EndProject
Project("{888888A0-9F3D-457C-B088-3A5042F75D52}") = "DaysOfMonth", "DaysOfMonth\DaysOfMonth.pyproj", "{1E763241-A3EA-4E7D-A8CF-CEF339CC180A}"
EndProject
Project("{888888A0-9F3D-457C-B088-3A5042F75D52}") = "WaterType", "WaterType\WaterType.pyproj", "{A429262F-8C34-43A5-A602-D9C011D40CA2}"
EndProject
Global
	GlobalSection(SolutionConfigurationPlatforms) = preSolution
		Debug|Any CPU = Debug|Any CPU
		Release|Any CPU = Release|Any CPU
	EndGlobalSection
	GlobalSection(ProjectConfigurationPlatforms) = postSolution
		{93A73658-56D9-4368-A707-623AD3035D1F}.Debug|Any CPU.ActiveCfg = Debug|Any CPU
		{93A73658-56D9-4368-A707-623AD3035D1F}.Release|Any CPU.ActiveCfg = Release|Any CPU
		{D8FDA572-F2D0-4285-8D25-A224649665C7}.Debug|Any CPU.ActiveCfg = Debug|Any CPU
		{D8FDA572-F2D0-4285-8D25-A224649665C7}.Release|Any CPU.ActiveCfg = Release|Any CPU
		{F33E4812-B32B-43F2-8C33-72B3E766F94C}.Debug|Any CPU.ActiveCfg = Debug|Any CPU
		{F33E4812-B32B-43F2-8C33-72B3E766F94C}.Release|Any CPU.ActiveCfg = Release|Any CPU
		{AB31A939-A903-47C2-B08D-C448A4AFEE9D}.Debug|Any CPU.ActiveCfg = Debug|Any CPU
		{AB31A939-A903-47C2-B08D-C448A4AFEE9D}.Release|Any CPU.ActiveCfg = Release|Any CPU
		{F97EAF77-2F7F-43C8-BB23-62D37011E161}.Debug|Any CPU.ActiveCfg = Debug|Any CPU
		{F97EAF77-2F7F-43C8-BB23-62D37011E161}.Release|Any CPU.ActiveCfg = Release|Any CPU
		{1BD85EC8-A3BC-4EE3-A0A9-5F91897B3828}.Debug|Any CPU.ActiveCfg = Debug|Any CPU
		{1BD85EC8-A3BC-4EE3-A0A9-5F91897B3828}.Release|Any CPU.ActiveCfg = Release|Any CPU
		{143202F3-C663-4265-B521-C5683994C7F6}.Debug|Any CPU.ActiveCfg = Debug|Any CPU
		{143202F3-C663-4265-B521-C5683994C7F6}.Release|Any CPU.ActiveCfg = Release|Any CPU
		{8CC259E0-CA49-4D63-A4EE-16749AD95EA0}.Debug|Any CPU.ActiveCfg = Debug|Any CPU
		{8CC259E0-CA49-4D63-A4EE-16749AD95EA0}.Release|Any CPU.ActiveCfg = Release|Any CPU
		{DEDD598B-831E-40AF-B5FA-4B02F4BB7BFC}.Debug|Any CPU.ActiveCfg = Debug|Any CPU
		{DEDD598B-831E-40AF-B5FA-4B02F4BB7BFC}.Release|Any CPU.ActiveCfg = Release|Any CPU
		{FCB77233-8717-4B99-83A6-E8F5F630703B}.Debug|Any CPU.ActiveCfg = Debug|Any CPU
		{FCB77233-8717-4B99-83A6-E8F5F630703B}.Release|Any CPU.ActiveCfg = Release|Any CPU
		{9DEAD8DF-CF8D-46F6-95B0-ED256B6DFFAC}.Debug|Any CPU.ActiveCfg = Debug|Any CPU
		{9DEAD8DF-CF8D-46F6-95B0-ED256B6DFFAC}.Release|Any CPU.ActiveCfg = Release|Any CPU
		{952A93B9-0AC0-4632-93F1-34402D82BACD}.Debug|Any CPU.ActiveCfg = Debug|Any CPU
		{952A93B9-0AC0-4632-93F1-34402D82BACD}.Release|Any CPU.ActiveCfg = Release|Any CPU
		{EC4EF7F7-B035-4D17-B4A9-D82C705B1179}.Debug|Any CPU.ActiveCfg = Debug|Any CPU
		{EC4EF7F7-B035-4D17-B4A9-D82C705B1179}.Release|Any CPU.ActiveCfg = Release|Any CPU
		{A7E950A4-5F3B-421C-A6A1-76F7C6D25579}.Debug|Any CPU.ActiveCfg = Debug|Any CPU
		{A7E950A4-5F3B-421C-A6A1-76F7C6D25579}.Release|Any CPU.ActiveCfg = Release|Any CPU
		{0BC10509-A837-4315-AAA6-8D9689CACF46}.Debug|Any CPU.ActiveCfg = Debug|Any CPU
		{0BC10509-A837-4315-AAA6-8D9689CACF46}.Release|Any CPU.ActiveCfg = Release|Any CPU
		{F5578A6F-3F59-4767-91CF-C2070AD2B0CA}.Debug|Any CPU.ActiveCfg = Debug|Any CPU
		{F5578A6F-3F59-4767-91CF-C2070AD2B0CA}.Release|Any CPU.ActiveCfg = Release|Any CPU
		{1E763241-A3EA-4E7D-A8CF-CEF339CC180A}.Debug|Any CPU.ActiveCfg = Debug|Any CPU
		{1E763241-A3EA-4E7D-A8CF-CEF339CC180A}.Release|Any CPU.ActiveCfg = Release|Any CPU
		{A429262F-8C34-43A5-A602-D9C011D40CA2}.Debug|Any CPU.ActiveCfg = Debug|Any CPU
		{A429262F-8C34-43A5-A602-D9C011D40CA2}.Release|Any CPU.ActiveCfg = Release|Any CPU
	EndGlobalSection
	GlobalSection(SolutionProperties) = preSolution
		HideSolutionNode = FALSE
	EndGlobalSection
	GlobalSection(NestedProjects) = preSolution
		{93A73658-56D9-4368-A707-623AD3035D1F} = {82AA2845-4AF9-466F-B736-DFB510DCDC1A}
		{D8FDA572-F2D0-4285-8D25-A224649665C7} = {82AA2845-4AF9-466F-B736-DFB510DCDC1A}
		{F33E4812-B32B-43F2-8C33-72B3E766F94C} = {82AA2845-4AF9-466F-B736-DFB510DCDC1A}
		{AB31A939-A903-47C2-B08D-C448A4AFEE9D} = {82AA2845-4AF9-466F-B736-DFB510DCDC1A}
		{F97EAF77-2F7F-43C8-BB23-62D37011E161} = {82AA2845-4AF9-466F-B736-DFB510DCDC1A}
		{1BD85EC8-A3BC-4EE3-A0A9-5F91897B3828} = {82AA2845-4AF9-466F-B736-DFB510DCDC1A}
		{143202F3-C663-4265-B521-C5683994C7F6} = {82AA2845-4AF9-466F-B736-DFB510DCDC1A}
		{8CC259E0-CA49-4D63-A4EE-16749AD95EA0} = {82AA2845-4AF9-466F-B736-DFB510DCDC1A}
		{DEDD598B-831E-40AF-B5FA-4B02F4BB7BFC} = {82AA2845-4AF9-466F-B736-DFB510DCDC1A}
		{FCB77233-8717-4B99-83A6-E8F5F630703B} = {6184BEC0-C83E-4832-8C83-149AC8EB8C55}
		{9DEAD8DF-CF8D-46F6-95B0-ED256B6DFFAC} = {6184BEC0-C83E-4832-8C83-149AC8EB8C55}
		{952A93B9-0AC0-4632-93F1-34402D82BACD} = {6184BEC0-C83E-4832-8C83-149AC8EB8C55}
		{EC4EF7F7-B035-4D17-B4A9-D82C705B1179} = {6184BEC0-C83E-4832-8C83-149AC8EB8C55}
		{A7E950A4-5F3B-421C-A6A1-76F7C6D25579} = {6184BEC0-C83E-4832-8C83-149AC8EB8C55}
		{0BC10509-A837-4315-AAA6-8D9689CACF46} = {6184BEC0-C83E-4832-8C83-149AC8EB8C55}
		{F5578A6F-3F59-4767-91CF-C2070AD2B0CA} = {6184BEC0-C83E-4832-8C83-149AC8EB8C55}
		{1E763241-A3EA-4E7D-A8CF-CEF339CC180A} = {6184BEC0-C83E-4832-8C83-149AC8EB8C55}
		{A429262F-8C34-43A5-A602-D9C011D40CA2} = {6184BEC0-C83E-4832-8C83-149AC8EB8C55}
	EndGlobalSection
	GlobalSection(ExtensibilityGlobals) = postSolution
		SolutionGuid = {15A1B104-BA0B-4C4A-99DF-C55A14F09911}
	EndGlobalSection
EndGlobal
